
Microsoft Visual Studio Solution File, Format Version 12.00
# Visual Studio 2012
Project("{FAE04EC0-301F-11D3-BF4B-00C04F79EFBC}") = "WeekTester", "WeekTester\WeekTester.csproj", "{F2F41833-3C01-48A5-B84B-664BA07727BE}"
EndProject
Global
	GlobalSection(SolutionConfigurationPlatforms) = preSolution
		Debug|Any CPU = Debug|Any CPU
		Release|Any CPU = Release|Any CPU
	EndGlobalSection
	GlobalSection(ProjectConfigurationPlatforms) = postSolution
		{F2F41833-3C01-48A5-B84B-664BA07727BE}.Debug|Any CPU.ActiveCfg = Debug|Any CPU
		{F2F41833-3C01-48A5-B84B-664BA07727BE}.Debug|Any CPU.Build.0 = Debug|Any CPU
		{F2F41833-3C01-48A5-B84B-664BA07727BE}.Release|Any CPU.ActiveCfg = Release|Any CPU
		{F2F41833-3C01-48A5-B84B-664BA07727BE}.Release|Any CPU.Build.0 = Release|Any CPU
	EndGlobalSection
	GlobalSection(SolutionProperties) = preSolution
		HideSolutionNode = FALSE
	EndGlobalSection
EndGlobal
